// !$*UTF8*$!
{
	archiveVersion = 1;
	classes = {
	};
	objectVersion = 56;
	objects = {

/* Begin PBXBuildFile section */
		FE83E05B2C12FF1C00275E9D /* AppDelegate.swift in Sources */ = {isa = PBXBuildFile; fileRef = FE83E05A2C12FF1C00275E9D /* AppDelegate.swift */; };
		FE83E05D2C12FF1C00275E9D /* SceneDelegate.swift in Sources */ = {isa = PBXBuildFile; fileRef = FE83E05C2C12FF1C00275E9D /* SceneDelegate.swift */; };
		FE83E05F2C12FF1C00275E9D /* ViewController.swift in Sources */ = {isa = PBXBuildFile; fileRef = FE83E05E2C12FF1C00275E9D /* ViewController.swift */; };
		FE83E0622C12FF1C00275E9D /* Base in Resources */ = {isa = PBXBuildFile; fileRef = FE83E0612C12FF1C00275E9D /* Base */; };
		FE83E0642C12FF1E00275E9D /* Assets.xcassets in Resources */ = {isa = PBXBuildFile; fileRef = FE83E0632C12FF1E00275E9D /* Assets.xcassets */; };
		FE83E0672C12FF1E00275E9D /* Base in Resources */ = {isa = PBXBuildFile; fileRef = FE83E0662C12FF1E00275E9D /* Base */; };
		FE83E0722C12FFF500275E9D /* PointCloudViewController.swift in Sources */ = {isa = PBXBuildFile; fileRef = FE83E06F2C12FFF500275E9D /* PointCloudViewController.swift */; };
		FE83E0742C13061E00275E9D /* PointCloudRenderer.swift in Sources */ = {isa = PBXBuildFile; fileRef = FE83E0732C13061E00275E9D /* PointCloudRenderer.swift */; };
		FE83E0772C13065800275E9D /* PointCloudShaders.metal in Sources */ = {isa = PBXBuildFile; fileRef = FE83E0762C13065800275E9D /* PointCloudShaders.metal */; };
		FE83E07E2C1306B800275E9D /* ARFrame+Ext.swift in Sources */ = {isa = PBXBuildFile; fileRef = FE83E0792C1306B800275E9D /* ARFrame+Ext.swift */; };
		FE83E07F2C1306B800275E9D /* MDLMesh+Ext.swift in Sources */ = {isa = PBXBuildFile; fileRef = FE83E07A2C1306B800275E9D /* MDLMesh+Ext.swift */; };
		FE83E0802C1306B800275E9D /* Helpers.swift in Sources */ = {isa = PBXBuildFile; fileRef = FE83E07B2C1306B800275E9D /* Helpers.swift */; };
		FE83E0812C1306B800275E9D /* ARMeshGeometry+Ext.swift in Sources */ = {isa = PBXBuildFile; fileRef = FE83E07C2C1306B800275E9D /* ARMeshGeometry+Ext.swift */; };
		FE83E0822C1306B800275E9D /* SCNGeometry+Ext.swift in Sources */ = {isa = PBXBuildFile; fileRef = FE83E07D2C1306B800275E9D /* SCNGeometry+Ext.swift */; };
		FE83E0842C13117A00275E9D /* ExportViewController.swift in Sources */ = {isa = PBXBuildFile; fileRef = FE83E0832C13117A00275E9D /* ExportViewController.swift */; };
		FE83E0872C13151100275E9D /* PLYFile.swift in Sources */ = {isa = PBXBuildFile; fileRef = FE83E0862C13151100275E9D /* PLYFile.swift */; };
		FE83E0892C13271300275E9D /* MetalBuffer.swift in Sources */ = {isa = PBXBuildFile; fileRef = FE83E0882C13271300275E9D /* MetalBuffer.swift */; };
		FE83E08B2C13273500275E9D /* Renderer.swift in Sources */ = {isa = PBXBuildFile; fileRef = FE83E08A2C13273500275E9D /* Renderer.swift */; };
		FE83E08D2C13276900275E9D /* XError.swift in Sources */ = {isa = PBXBuildFile; fileRef = FE83E08C2C13276900275E9D /* XError.swift */; };
		FE83E08F2C13277E00275E9D /* CpuParticle.swift in Sources */ = {isa = PBXBuildFile; fileRef = FE83E08E2C13277E00275E9D /* CpuParticle.swift */; };
		FEAA75542C188D5300077F79 /* OBJFile.swift in Sources */ = {isa = PBXBuildFile; fileRef = FEAA75532C188D5300077F79 /* OBJFile.swift */; };
/* End PBXBuildFile section */

/* Begin PBXFileReference section */
		FE83E0572C12FF1C00275E9D /* Lidar-poc-uikit.app */ = {isa = PBXFileReference; explicitFileType = wrapper.application; includeInIndex = 0; path = "Lidar-poc-uikit.app"; sourceTree = BUILT_PRODUCTS_DIR; };
		FE83E05A2C12FF1C00275E9D /* AppDelegate.swift */ = {isa = PBXFileReference; lastKnownFileType = sourcecode.swift; path = AppDelegate.swift; sourceTree = "<group>"; };
		FE83E05C2C12FF1C00275E9D /* SceneDelegate.swift */ = {isa = PBXFileReference; lastKnownFileType = sourcecode.swift; path = SceneDelegate.swift; sourceTree = "<group>"; };
		FE83E05E2C12FF1C00275E9D /* ViewController.swift */ = {isa = PBXFileReference; lastKnownFileType = sourcecode.swift; path = ViewController.swift; sourceTree = "<group>"; };
		FE83E0612C12FF1C00275E9D /* Base */ = {isa = PBXFileReference; lastKnownFileType = file.storyboard; name = Base; path = Base.lproj/Main.storyboard; sourceTree = "<group>"; };
		FE83E0632C12FF1E00275E9D /* Assets.xcassets */ = {isa = PBXFileReference; lastKnownFileType = folder.assetcatalog; path = Assets.xcassets; sourceTree = "<group>"; };
		FE83E0662C12FF1E00275E9D /* Base */ = {isa = PBXFileReference; lastKnownFileType = file.storyboard; name = Base; path = Base.lproj/LaunchScreen.storyboard; sourceTree = "<group>"; };
		FE83E0682C12FF1E00275E9D /* Info.plist */ = {isa = PBXFileReference; lastKnownFileType = text.plist.xml; path = Info.plist; sourceTree = "<group>"; };
		FE83E06F2C12FFF500275E9D /* PointCloudViewController.swift */ = {isa = PBXFileReference; lastKnownFileType = sourcecode.swift; path = PointCloudViewController.swift; sourceTree = "<group>"; };
		FE83E0732C13061E00275E9D /* PointCloudRenderer.swift */ = {isa = PBXFileReference; lastKnownFileType = sourcecode.swift; path = PointCloudRenderer.swift; sourceTree = "<group>"; };
		FE83E0752C13065000275E9D /* PointCloudShaderTypes.h */ = {isa = PBXFileReference; fileEncoding = 4; lastKnownFileType = sourcecode.c.h; path = PointCloudShaderTypes.h; sourceTree = "<group>"; };
		FE83E0762C13065800275E9D /* PointCloudShaders.metal */ = {isa = PBXFileReference; fileEncoding = 4; lastKnownFileType = sourcecode.metal; path = PointCloudShaders.metal; sourceTree = "<group>"; };
		FE83E0792C1306B800275E9D /* ARFrame+Ext.swift */ = {isa = PBXFileReference; fileEncoding = 4; lastKnownFileType = sourcecode.swift; path = "ARFrame+Ext.swift"; sourceTree = "<group>"; };
		FE83E07A2C1306B800275E9D /* MDLMesh+Ext.swift */ = {isa = PBXFileReference; fileEncoding = 4; lastKnownFileType = sourcecode.swift; path = "MDLMesh+Ext.swift"; sourceTree = "<group>"; };
		FE83E07B2C1306B800275E9D /* Helpers.swift */ = {isa = PBXFileReference; fileEncoding = 4; lastKnownFileType = sourcecode.swift; path = Helpers.swift; sourceTree = "<group>"; };
		FE83E07C2C1306B800275E9D /* ARMeshGeometry+Ext.swift */ = {isa = PBXFileReference; fileEncoding = 4; lastKnownFileType = sourcecode.swift; path = "ARMeshGeometry+Ext.swift"; sourceTree = "<group>"; };
		FE83E07D2C1306B800275E9D /* SCNGeometry+Ext.swift */ = {isa = PBXFileReference; fileEncoding = 4; lastKnownFileType = sourcecode.swift; path = "SCNGeometry+Ext.swift"; sourceTree = "<group>"; };
		FE83E0832C13117A00275E9D /* ExportViewController.swift */ = {isa = PBXFileReference; lastKnownFileType = sourcecode.swift; path = ExportViewController.swift; sourceTree = "<group>"; };
		FE83E0862C13151100275E9D /* PLYFile.swift */ = {isa = PBXFileReference; fileEncoding = 4; lastKnownFileType = sourcecode.swift; path = PLYFile.swift; sourceTree = "<group>"; };
		FE83E0882C13271300275E9D /* MetalBuffer.swift */ = {isa = PBXFileReference; lastKnownFileType = sourcecode.swift; path = MetalBuffer.swift; sourceTree = "<group>"; };
		FE83E08A2C13273500275E9D /* Renderer.swift */ = {isa = PBXFileReference; lastKnownFileType = sourcecode.swift; path = Renderer.swift; sourceTree = "<group>"; };
		FE83E08C2C13276900275E9D /* XError.swift */ = {isa = PBXFileReference; fileEncoding = 4; lastKnownFileType = sourcecode.swift; path = XError.swift; sourceTree = "<group>"; };
		FE83E08E2C13277E00275E9D /* CpuParticle.swift */ = {isa = PBXFileReference; fileEncoding = 4; lastKnownFileType = sourcecode.swift; path = CpuParticle.swift; sourceTree = "<group>"; };
		FEAA75532C188D5300077F79 /* OBJFile.swift */ = {isa = PBXFileReference; lastKnownFileType = sourcecode.swift; path = OBJFile.swift; sourceTree = "<group>"; };
/* End PBXFileReference section */

/* Begin PBXFrameworksBuildPhase section */
		FE83E0542C12FF1C00275E9D /* Frameworks */ = {
			isa = PBXFrameworksBuildPhase;
			buildActionMask = 2147483647;
			files = (
			);
			runOnlyForDeploymentPostprocessing = 0;
		};
/* End PBXFrameworksBuildPhase section */

/* Begin PBXGroup section */
		FE83E04E2C12FF1C00275E9D = {
			isa = PBXGroup;
			children = (
				FE83E0592C12FF1C00275E9D /* Lidar-poc-uikit */,
				FE83E0582C12FF1C00275E9D /* Products */,
			);
			sourceTree = "<group>";
		};
		FE83E0582C12FF1C00275E9D /* Products */ = {
			isa = PBXGroup;
			children = (
				FE83E0572C12FF1C00275E9D /* Lidar-poc-uikit.app */,
			);
			name = Products;
			sourceTree = "<group>";
		};
		FE83E0592C12FF1C00275E9D /* Lidar-poc-uikit */ = {
			isa = PBXGroup;
			children = (
				FE83E05A2C12FF1C00275E9D /* AppDelegate.swift */,
				FE83E05C2C12FF1C00275E9D /* SceneDelegate.swift */,
				FE83E05E2C12FF1C00275E9D /* ViewController.swift */,
				FE83E0832C13117A00275E9D /* ExportViewController.swift */,
				FE83E06E2C12FFC700275E9D /* PointCloud */,
				FE83E0852C13150600275E9D /* PLYFileFormat */,
				FEAA75522C188D3E00077F79 /* OBJFileFormat */,
				FE83E0782C1306A300275E9D /* Extensions */,
				FE83E0602C12FF1C00275E9D /* Main.storyboard */,
				FE83E0632C12FF1E00275E9D /* Assets.xcassets */,
				FE83E0652C12FF1E00275E9D /* LaunchScreen.storyboard */,
				FE83E0682C12FF1E00275E9D /* Info.plist */,
			);
			path = "Lidar-poc-uikit";
			sourceTree = "<group>";
		};
		FE83E06E2C12FFC700275E9D /* PointCloud */ = {
			isa = PBXGroup;
			children = (
				FE83E06F2C12FFF500275E9D /* PointCloudViewController.swift */,
				FE83E0752C13065000275E9D /* PointCloudShaderTypes.h */,
				FE83E0762C13065800275E9D /* PointCloudShaders.metal */,
				FE83E0732C13061E00275E9D /* PointCloudRenderer.swift */,
				FE83E0882C13271300275E9D /* MetalBuffer.swift */,
				FE83E08A2C13273500275E9D /* Renderer.swift */,
			);
			path = PointCloud;
			sourceTree = "<group>";
		};
		FE83E0782C1306A300275E9D /* Extensions */ = {
			isa = PBXGroup;
			children = (
				FE83E08E2C13277E00275E9D /* CpuParticle.swift */,
				FE83E08C2C13276900275E9D /* XError.swift */,
				FE83E0792C1306B800275E9D /* ARFrame+Ext.swift */,
				FE83E07C2C1306B800275E9D /* ARMeshGeometry+Ext.swift */,
				FE83E07B2C1306B800275E9D /* Helpers.swift */,
				FE83E07A2C1306B800275E9D /* MDLMesh+Ext.swift */,
				FE83E07D2C1306B800275E9D /* SCNGeometry+Ext.swift */,
			);
			path = Extensions;
			sourceTree = "<group>";
		};
		FE83E0852C13150600275E9D /* PLYFileFormat */ = {
			isa = PBXGroup;
			children = (
				FE83E0862C13151100275E9D /* PLYFile.swift */,
			);
			path = PLYFileFormat;
			sourceTree = "<group>";
		};
		FEAA75522C188D3E00077F79 /* OBJFileFormat */ = {
			isa = PBXGroup;
			children = (
				FEAA75532C188D5300077F79 /* OBJFile.swift */,
			);
			path = OBJFileFormat;
			sourceTree = "<group>";
		};
/* End PBXGroup section */

/* Begin PBXNativeTarget section */
		FE83E0562C12FF1C00275E9D /* Lidar-poc-uikit */ = {
			isa = PBXNativeTarget;
			buildConfigurationList = FE83E06B2C12FF1E00275E9D /* Build configuration list for PBXNativeTarget "Lidar-poc-uikit" */;
			buildPhases = (
				FE83E0532C12FF1C00275E9D /* Sources */,
				FE83E0542C12FF1C00275E9D /* Frameworks */,
				FE83E0552C12FF1C00275E9D /* Resources */,
			);
			buildRules = (
			);
			dependencies = (
			);
			name = "Lidar-poc-uikit";
			productName = "Lidar-poc-uikit";
			productReference = FE83E0572C12FF1C00275E9D /* Lidar-poc-uikit.app */;
			productType = "com.apple.product-type.application";
		};
/* End PBXNativeTarget section */

/* Begin PBXProject section */
		FE83E04F2C12FF1C00275E9D /* Project object */ = {
			isa = PBXProject;
			attributes = {
				BuildIndependentTargetsInParallel = 1;
				LastSwiftUpdateCheck = 1540;
				LastUpgradeCheck = 1540;
				TargetAttributes = {
					FE83E0562C12FF1C00275E9D = {
						CreatedOnToolsVersion = 15.4;
					};
				};
			};
			buildConfigurationList = FE83E0522C12FF1C00275E9D /* Build configuration list for PBXProject "Lidar-poc-uikit" */;
			compatibilityVersion = "Xcode 14.0";
			developmentRegion = en;
			hasScannedForEncodings = 0;
			knownRegions = (
				en,
				Base,
			);
			mainGroup = FE83E04E2C12FF1C00275E9D;
			productRefGroup = FE83E0582C12FF1C00275E9D /* Products */;
			projectDirPath = "";
			projectRoot = "";
			targets = (
				FE83E0562C12FF1C00275E9D /* Lidar-poc-uikit */,
			);
		};
/* End PBXProject section */

/* Begin PBXResourcesBuildPhase section */
		FE83E0552C12FF1C00275E9D /* Resources */ = {
			isa = PBXResourcesBuildPhase;
			buildActionMask = 2147483647;
			files = (
				FE83E0642C12FF1E00275E9D /* Assets.xcassets in Resources */,
				FE83E0672C12FF1E00275E9D /* Base in Resources */,
				FE83E0622C12FF1C00275E9D /* Base in Resources */,
			);
			runOnlyForDeploymentPostprocessing = 0;
		};
/* End PBXResourcesBuildPhase section */

/* Begin PBXSourcesBuildPhase section */
		FE83E0532C12FF1C00275E9D /* Sources */ = {
			isa = PBXSourcesBuildPhase;
			buildActionMask = 2147483647;
			files = (
				FE83E0822C1306B800275E9D /* SCNGeometry+Ext.swift in Sources */,
				FE83E0742C13061E00275E9D /* PointCloudRenderer.swift in Sources */,
				FE83E0842C13117A00275E9D /* ExportViewController.swift in Sources */,
				FE83E08F2C13277E00275E9D /* CpuParticle.swift in Sources */,
				FE83E0812C1306B800275E9D /* ARMeshGeometry+Ext.swift in Sources */,
				FE83E0772C13065800275E9D /* PointCloudShaders.metal in Sources */,
				FE83E0892C13271300275E9D /* MetalBuffer.swift in Sources */,
				FE83E07F2C1306B800275E9D /* MDLMesh+Ext.swift in Sources */,
				FE83E05F2C12FF1C00275E9D /* ViewController.swift in Sources */,
				FEAA75542C188D5300077F79 /* OBJFile.swift in Sources */,
				FE83E0802C1306B800275E9D /* Helpers.swift in Sources */,
				FE83E08D2C13276900275E9D /* XError.swift in Sources */,
				FE83E0722C12FFF500275E9D /* PointCloudViewController.swift in Sources */,
				FE83E0872C13151100275E9D /* PLYFile.swift in Sources */,
				FE83E05B2C12FF1C00275E9D /* AppDelegate.swift in Sources */,
				FE83E07E2C1306B800275E9D /* ARFrame+Ext.swift in Sources */,
				FE83E08B2C13273500275E9D /* Renderer.swift in Sources */,
				FE83E05D2C12FF1C00275E9D /* SceneDelegate.swift in Sources */,
			);
			runOnlyForDeploymentPostprocessing = 0;
		};
/* End PBXSourcesBuildPhase section */

/* Begin PBXVariantGroup section */
		FE83E0602C12FF1C00275E9D /* Main.storyboard */ = {
			isa = PBXVariantGroup;
			children = (
				FE83E0612C12FF1C00275E9D /* Base */,
			);
			name = Main.storyboard;
			sourceTree = "<group>";
		};
		FE83E0652C12FF1E00275E9D /* LaunchScreen.storyboard */ = {
			isa = PBXVariantGroup;
			children = (
				FE83E0662C12FF1E00275E9D /* Base */,
			);
			name = LaunchScreen.storyboard;
			sourceTree = "<group>";
		};
/* End PBXVariantGroup section */

/* Begin XCBuildConfiguration section */
		FE83E0692C12FF1E00275E9D /* Debug */ = {
			isa = XCBuildConfiguration;
			buildSettings = {
				ALWAYS_SEARCH_USER_PATHS = NO;
				ASSETCATALOG_COMPILER_GENERATE_SWIFT_ASSET_SYMBOL_EXTENSIONS = YES;
				CLANG_ANALYZER_NONNULL = YES;
				CLANG_ANALYZER_NUMBER_OBJECT_CONVERSION = YES_AGGRESSIVE;
				CLANG_CXX_LANGUAGE_STANDARD = "gnu++20";
				CLANG_ENABLE_MODULES = YES;
				CLANG_ENABLE_OBJC_ARC = YES;
				CLANG_ENABLE_OBJC_WEAK = YES;
				CLANG_WARN_BLOCK_CAPTURE_AUTORELEASING = YES;
				CLANG_WARN_BOOL_CONVERSION = YES;
				CLANG_WARN_COMMA = YES;
				CLANG_WARN_CONSTANT_CONVERSION = YES;
				CLANG_WARN_DEPRECATED_OBJC_IMPLEMENTATIONS = YES;
				CLANG_WARN_DIRECT_OBJC_ISA_USAGE = YES_ERROR;
				CLANG_WARN_DOCUMENTATION_COMMENTS = YES;
				CLANG_WARN_EMPTY_BODY = YES;
				CLANG_WARN_ENUM_CONVERSION = YES;
				CLANG_WARN_INFINITE_RECURSION = YES;
				CLANG_WARN_INT_CONVERSION = YES;
				CLANG_WARN_NON_LITERAL_NULL_CONVERSION = YES;
				CLANG_WARN_OBJC_IMPLICIT_RETAIN_SELF = YES;
				CLANG_WARN_OBJC_LITERAL_CONVERSION = YES;
				CLANG_WARN_OBJC_ROOT_CLASS = YES_ERROR;
				CLANG_WARN_QUOTED_INCLUDE_IN_FRAMEWORK_HEADER = YES;
				CLANG_WARN_RANGE_LOOP_ANALYSIS = YES;
				CLANG_WARN_STRICT_PROTOTYPES = YES;
				CLANG_WARN_SUSPICIOUS_MOVE = YES;
				CLANG_WARN_UNGUARDED_AVAILABILITY = YES_AGGRESSIVE;
				CLANG_WARN_UNREACHABLE_CODE = YES;
				CLANG_WARN__DUPLICATE_METHOD_MATCH = YES;
				COPY_PHASE_STRIP = NO;
				DEBUG_INFORMATION_FORMAT = dwarf;
				ENABLE_STRICT_OBJC_MSGSEND = YES;
				ENABLE_TESTABILITY = YES;
				ENABLE_USER_SCRIPT_SANDBOXING = YES;
				GCC_C_LANGUAGE_STANDARD = gnu17;
				GCC_DYNAMIC_NO_PIC = NO;
				GCC_NO_COMMON_BLOCKS = YES;
				GCC_OPTIMIZATION_LEVEL = 0;
				GCC_PREPROCESSOR_DEFINITIONS = (
					"DEBUG=1",
					"$(inherited)",
				);
				GCC_WARN_64_TO_32_BIT_CONVERSION = YES;
				GCC_WARN_ABOUT_RETURN_TYPE = YES_ERROR;
				GCC_WARN_UNDECLARED_SELECTOR = YES;
				GCC_WARN_UNINITIALIZED_AUTOS = YES_AGGRESSIVE;
				GCC_WARN_UNUSED_FUNCTION = YES;
				GCC_WARN_UNUSED_VARIABLE = YES;
				IPHONEOS_DEPLOYMENT_TARGET = 17.5;
				LOCALIZATION_PREFERS_STRING_CATALOGS = YES;
				MTL_ENABLE_DEBUG_INFO = INCLUDE_SOURCE;
				MTL_FAST_MATH = YES;
				ONLY_ACTIVE_ARCH = YES;
				SDKROOT = iphoneos;
				SWIFT_ACTIVE_COMPILATION_CONDITIONS = "DEBUG $(inherited)";
				SWIFT_OPTIMIZATION_LEVEL = "-Onone";
			};
			name = Debug;
		};
		FE83E06A2C12FF1E00275E9D /* Release */ = {
			isa = XCBuildConfiguration;
			buildSettings = {
				ALWAYS_SEARCH_USER_PATHS = NO;
				ASSETCATALOG_COMPILER_GENERATE_SWIFT_ASSET_SYMBOL_EXTENSIONS = YES;
				CLANG_ANALYZER_NONNULL = YES;
				CLANG_ANALYZER_NUMBER_OBJECT_CONVERSION = YES_AGGRESSIVE;
				CLANG_CXX_LANGUAGE_STANDARD = "gnu++20";
				CLANG_ENABLE_MODULES = YES;
				CLANG_ENABLE_OBJC_ARC = YES;
				CLANG_ENABLE_OBJC_WEAK = YES;
				CLANG_WARN_BLOCK_CAPTURE_AUTORELEASING = YES;
				CLANG_WARN_BOOL_CONVERSION = YES;
				CLANG_WARN_COMMA = YES;
				CLANG_WARN_CONSTANT_CONVERSION = YES;
				CLANG_WARN_DEPRECATED_OBJC_IMPLEMENTATIONS = YES;
				CLANG_WARN_DIRECT_OBJC_ISA_USAGE = YES_ERROR;
				CLANG_WARN_DOCUMENTATION_COMMENTS = YES;
				CLANG_WARN_EMPTY_BODY = YES;
				CLANG_WARN_ENUM_CONVERSION = YES;
				CLANG_WARN_INFINITE_RECURSION = YES;
				CLANG_WARN_INT_CONVERSION = YES;
				CLANG_WARN_NON_LITERAL_NULL_CONVERSION = YES;
				CLANG_WARN_OBJC_IMPLICIT_RETAIN_SELF = YES;
				CLANG_WARN_OBJC_LITERAL_CONVERSION = YES;
				CLANG_WARN_OBJC_ROOT_CLASS = YES_ERROR;
				CLANG_WARN_QUOTED_INCLUDE_IN_FRAMEWORK_HEADER = YES;
				CLANG_WARN_RANGE_LOOP_ANALYSIS = YES;
				CLANG_WARN_STRICT_PROTOTYPES = YES;
				CLANG_WARN_SUSPICIOUS_MOVE = YES;
				CLANG_WARN_UNGUARDED_AVAILABILITY = YES_AGGRESSIVE;
				CLANG_WARN_UNREACHABLE_CODE = YES;
				CLANG_WARN__DUPLICATE_METHOD_MATCH = YES;
				COPY_PHASE_STRIP = NO;
				DEBUG_INFORMATION_FORMAT = "dwarf-with-dsym";
				ENABLE_NS_ASSERTIONS = NO;
				ENABLE_STRICT_OBJC_MSGSEND = YES;
				ENABLE_USER_SCRIPT_SANDBOXING = YES;
				GCC_C_LANGUAGE_STANDARD = gnu17;
				GCC_NO_COMMON_BLOCKS = YES;
				GCC_WARN_64_TO_32_BIT_CONVERSION = YES;
				GCC_WARN_ABOUT_RETURN_TYPE = YES_ERROR;
				GCC_WARN_UNDECLARED_SELECTOR = YES;
				GCC_WARN_UNINITIALIZED_AUTOS = YES_AGGRESSIVE;
				GCC_WARN_UNUSED_FUNCTION = YES;
				GCC_WARN_UNUSED_VARIABLE = YES;
				IPHONEOS_DEPLOYMENT_TARGET = 17.5;
				LOCALIZATION_PREFERS_STRING_CATALOGS = YES;
				MTL_ENABLE_DEBUG_INFO = NO;
				MTL_FAST_MATH = YES;
				SDKROOT = iphoneos;
				SWIFT_COMPILATION_MODE = wholemodule;
				VALIDATE_PRODUCT = YES;
			};
			name = Release;
		};
		FE83E06C2C12FF1E00275E9D /* Debug */ = {
			isa = XCBuildConfiguration;
			buildSettings = {
				ASSETCATALOG_COMPILER_APPICON_NAME = AppIcon;
				ASSETCATALOG_COMPILER_GLOBAL_ACCENT_COLOR_NAME = AccentColor;
				CODE_SIGN_STYLE = Automatic;
				CURRENT_PROJECT_VERSION = 1;
				DEVELOPMENT_TEAM = A6TXNR8TL5;
				GENERATE_INFOPLIST_FILE = YES;
				INFOPLIST_FILE = "Lidar-poc-uikit/Info.plist";
				INFOPLIST_KEY_UIApplicationSupportsIndirectInputEvents = YES;
				INFOPLIST_KEY_UILaunchStoryboardName = LaunchScreen;
				INFOPLIST_KEY_UIMainStoryboardFile = Main;
				INFOPLIST_KEY_UISupportedInterfaceOrientations_iPad = "UIInterfaceOrientationPortrait UIInterfaceOrientationPortraitUpsideDown UIInterfaceOrientationLandscapeLeft UIInterfaceOrientationLandscapeRight";
				INFOPLIST_KEY_UISupportedInterfaceOrientations_iPhone = "UIInterfaceOrientationPortrait UIInterfaceOrientationLandscapeLeft UIInterfaceOrientationLandscapeRight";
				LD_RUNPATH_SEARCH_PATHS = (
					"$(inherited)",
					"@executable_path/Frameworks",
				);
				MARKETING_VERSION = 1.0;
				PRODUCT_BUNDLE_IDENTIFIER = "lidarpoc-1.Lidar-poc-uikit";
				PRODUCT_NAME = "$(TARGET_NAME)";
				SWIFT_EMIT_LOC_STRINGS = YES;
				SWIFT_OBJC_BRIDGING_HEADER = "Lidar-poc-uikit/PointCloud/PointCloudShaderTypes.h";
				SWIFT_VERSION = 5.0;
				TARGETED_DEVICE_FAMILY = "1,2";
			};
			name = Debug;
		};
		FE83E06D2C12FF1E00275E9D /* Release */ = {
			isa = XCBuildConfiguration;
			buildSettings = {
				ASSETCATALOG_COMPILER_APPICON_NAME = AppIcon;
				ASSETCATALOG_COMPILER_GLOBAL_ACCENT_COLOR_NAME = AccentColor;
				CODE_SIGN_STYLE = Automatic;
				CURRENT_PROJECT_VERSION = 1;
				DEVELOPMENT_TEAM = A6TXNR8TL5;
				GENERATE_INFOPLIST_FILE = YES;
				INFOPLIST_FILE = "Lidar-poc-uikit/Info.plist";
				INFOPLIST_KEY_UIApplicationSupportsIndirectInputEvents = YES;
				INFOPLIST_KEY_UILaunchStoryboardName = LaunchScreen;
				INFOPLIST_KEY_UIMainStoryboardFile = Main;
				INFOPLIST_KEY_UISupportedInterfaceOrientations_iPad = "UIInterfaceOrientationPortrait UIInterfaceOrientationPortraitUpsideDown UIInterfaceOrientationLandscapeLeft UIInterfaceOrientationLandscapeRight";
				INFOPLIST_KEY_UISupportedInterfaceOrientations_iPhone = "UIInterfaceOrientationPortrait UIInterfaceOrientationLandscapeLeft UIInterfaceOrientationLandscapeRight";
				LD_RUNPATH_SEARCH_PATHS = (
					"$(inherited)",
					"@executable_path/Frameworks",
				);
				MARKETING_VERSION = 1.0;
				PRODUCT_BUNDLE_IDENTIFIER = "lidarpoc-1.Lidar-poc-uikit";
				PRODUCT_NAME = "$(TARGET_NAME)";
				SWIFT_EMIT_LOC_STRINGS = YES;
				SWIFT_OBJC_BRIDGING_HEADER = "Lidar-poc-uikit/PointCloud/PointCloudShaderTypes.h";
				SWIFT_VERSION = 5.0;
				TARGETED_DEVICE_FAMILY = "1,2";
			};
			name = Release;
		};
/* End XCBuildConfiguration section */

/* Begin XCConfigurationList section */
		FE83E0522C12FF1C00275E9D /* Build configuration list for PBXProject "Lidar-poc-uikit" */ = {
			isa = XCConfigurationList;
			buildConfigurations = (
				FE83E0692C12FF1E00275E9D /* Debug */,
				FE83E06A2C12FF1E00275E9D /* Release */,
			);
			defaultConfigurationIsVisible = 0;
			defaultConfigurationName = Release;
		};
		FE83E06B2C12FF1E00275E9D /* Build configuration list for PBXNativeTarget "Lidar-poc-uikit" */ = {
			isa = XCConfigurationList;
			buildConfigurations = (
				FE83E06C2C12FF1E00275E9D /* Debug */,
				FE83E06D2C12FF1E00275E9D /* Release */,
			);
			defaultConfigurationIsVisible = 0;
			defaultConfigurationName = Release;
		};
/* End XCConfigurationList section */
	};
	rootObject = FE83E04F2C12FF1C00275E9D /* Project object */;
}
